
Microsoft Visual Studio Solution File, Format Version 12.00
# Visual Studio 14
VisualStudioVersion = 14.0.25420.1
MinimumVisualStudioVersion = 10.0.40219.1
Project("{FAE04EC0-301F-11D3-BF4B-00C04F79EFBC}") = "HSPApp", "HSPApp\HSPApp\HSPApp.csproj", "{2509F4BD-D1A2-4E18-99FB-43712C37BDC0}"
EndProject
Project("{FAE04EC0-301F-11D3-BF4B-00C04F79EFBC}") = "HSPApp.Droid", "HSPApp\HSPApp.Droid\HSPApp.Droid.csproj", "{E8F3F82C-4235-431A-BA56-C7F4FFE44C93}"
EndProject
Project("{FAE04EC0-301F-11D3-BF4B-00C04F79EFBC}") = "HSPApp.iOS", "HSPApp\HSPApp.iOS\HSPApp.iOS.csproj", "{AF2D9438-65DA-467D-BD24-9E1A42A614AA}"
EndProject
Project("{FAE04EC0-301F-11D3-BF4B-00C04F79EFBC}") = "HSPApp.UWP", "HSPApp\HSPApp.UWP\HSPApp.UWP.csproj", "{DC790C59-A39A-468F-9A25-D8E15F2DC6BA}"
EndProject
Project("{FAE04EC0-301F-11D3-BF4B-00C04F79EFBC}") = "DataNirvana.AppHelper", "..\..\Libraries\DataNirvana.AppHelper\DataNirvana.AppHelper.csproj", "{B5D6F114-CACB-47DC-815F-86C5EB5959B3}"
EndProject
Global
	GlobalSection(SolutionConfigurationPlatforms) = preSolution
		Ad-Hoc|Any CPU = Ad-Hoc|Any CPU
		Ad-Hoc|ARM = Ad-Hoc|ARM
		Ad-Hoc|iPhone = Ad-Hoc|iPhone
		Ad-Hoc|iPhoneSimulator = Ad-Hoc|iPhoneSimulator
		Ad-Hoc|x64 = Ad-Hoc|x64
		Ad-Hoc|x86 = Ad-Hoc|x86
		AppStore|Any CPU = AppStore|Any CPU
		AppStore|ARM = AppStore|ARM
		AppStore|iPhone = AppStore|iPhone
		AppStore|iPhoneSimulator = AppStore|iPhoneSimulator
		AppStore|x64 = AppStore|x64
		AppStore|x86 = AppStore|x86
		Debug|Any CPU = Debug|Any CPU
		Debug|ARM = Debug|ARM
		Debug|iPhone = Debug|iPhone
		Debug|iPhoneSimulator = Debug|iPhoneSimulator
		Debug|x64 = Debug|x64
		Debug|x86 = Debug|x86
		Release|Any CPU = Release|Any CPU
		Release|ARM = Release|ARM
		Release|iPhone = Release|iPhone
		Release|iPhoneSimulator = Release|iPhoneSimulator
		Release|x64 = Release|x64
		Release|x86 = Release|x86
	EndGlobalSection
	GlobalSection(ProjectConfigurationPlatforms) = postSolution
		{2509F4BD-D1A2-4E18-99FB-43712C37BDC0}.Ad-Hoc|Any CPU.ActiveCfg = Release|Any CPU
		{2509F4BD-D1A2-4E18-99FB-43712C37BDC0}.Ad-Hoc|Any CPU.Build.0 = Release|Any CPU
		{2509F4BD-D1A2-4E18-99FB-43712C37BDC0}.Ad-Hoc|ARM.ActiveCfg = Release|Any CPU
		{2509F4BD-D1A2-4E18-99FB-43712C37BDC0}.Ad-Hoc|ARM.Build.0 = Release|Any CPU
		{2509F4BD-D1A2-4E18-99FB-43712C37BDC0}.Ad-Hoc|iPhone.ActiveCfg = Release|Any CPU
		{2509F4BD-D1A2-4E18-99FB-43712C37BDC0}.Ad-Hoc|iPhone.Build.0 = Release|Any CPU
		{2509F4BD-D1A2-4E18-99FB-43712C37BDC0}.Ad-Hoc|iPhoneSimulator.ActiveCfg = Release|Any CPU
		{2509F4BD-D1A2-4E18-99FB-43712C37BDC0}.Ad-Hoc|iPhoneSimulator.Build.0 = Release|Any CPU
		{2509F4BD-D1A2-4E18-99FB-43712C37BDC0}.Ad-Hoc|x64.ActiveCfg = Release|Any CPU
		{2509F4BD-D1A2-4E18-99FB-43712C37BDC0}.Ad-Hoc|x64.Build.0 = Release|Any CPU
		{2509F4BD-D1A2-4E18-99FB-43712C37BDC0}.Ad-Hoc|x86.ActiveCfg = Release|Any CPU
		{2509F4BD-D1A2-4E18-99FB-43712C37BDC0}.Ad-Hoc|x86.Build.0 = Release|Any CPU
		{2509F4BD-D1A2-4E18-99FB-43712C37BDC0}.AppStore|Any CPU.ActiveCfg = Release|Any CPU
		{2509F4BD-D1A2-4E18-99FB-43712C37BDC0}.AppStore|Any CPU.Build.0 = Release|Any CPU
		{2509F4BD-D1A2-4E18-99FB-43712C37BDC0}.AppStore|ARM.ActiveCfg = Release|Any CPU
		{2509F4BD-D1A2-4E18-99FB-43712C37BDC0}.AppStore|ARM.Build.0 = Release|Any CPU
		{2509F4BD-D1A2-4E18-99FB-43712C37BDC0}.AppStore|iPhone.ActiveCfg = Release|Any CPU
		{2509F4BD-D1A2-4E18-99FB-43712C37BDC0}.AppStore|iPhone.Build.0 = Release|Any CPU
		{2509F4BD-D1A2-4E18-99FB-43712C37BDC0}.AppStore|iPhoneSimulator.ActiveCfg = Release|Any CPU
		{2509F4BD-D1A2-4E18-99FB-43712C37BDC0}.AppStore|iPhoneSimulator.Build.0 = Release|Any CPU
		{2509F4BD-D1A2-4E18-99FB-43712C37BDC0}.AppStore|x64.ActiveCfg = Release|Any CPU
		{2509F4BD-D1A2-4E18-99FB-43712C37BDC0}.AppStore|x64.Build.0 = Release|Any CPU
		{2509F4BD-D1A2-4E18-99FB-43712C37BDC0}.AppStore|x86.ActiveCfg = Release|Any CPU
		{2509F4BD-D1A2-4E18-99FB-43712C37BDC0}.AppStore|x86.Build.0 = Release|Any CPU
		{2509F4BD-D1A2-4E18-99FB-43712C37BDC0}.Debug|Any CPU.ActiveCfg = Debug|Any CPU
		{2509F4BD-D1A2-4E18-99FB-43712C37BDC0}.Debug|Any CPU.Build.0 = Debug|Any CPU
		{2509F4BD-D1A2-4E18-99FB-43712C37BDC0}.Debug|ARM.ActiveCfg = Debug|Any CPU
		{2509F4BD-D1A2-4E18-99FB-43712C37BDC0}.Debug|ARM.Build.0 = Debug|Any CPU
		{2509F4BD-D1A2-4E18-99FB-43712C37BDC0}.Debug|iPhone.ActiveCfg = Debug|Any CPU
		{2509F4BD-D1A2-4E18-99FB-43712C37BDC0}.Debug|iPhone.Build.0 = Debug|Any CPU
		{2509F4BD-D1A2-4E18-99FB-43712C37BDC0}.Debug|iPhoneSimulator.ActiveCfg = Debug|Any CPU
		{2509F4BD-D1A2-4E18-99FB-43712C37BDC0}.Debug|iPhoneSimulator.Build.0 = Debug|Any CPU
		{2509F4BD-D1A2-4E18-99FB-43712C37BDC0}.Debug|x64.ActiveCfg = Debug|Any CPU
		{2509F4BD-D1A2-4E18-99FB-43712C37BDC0}.Debug|x64.Build.0 = Debug|Any CPU
		{2509F4BD-D1A2-4E18-99FB-43712C37BDC0}.Debug|x86.ActiveCfg = Debug|Any CPU
		{2509F4BD-D1A2-4E18-99FB-43712C37BDC0}.Debug|x86.Build.0 = Debug|Any CPU
		{2509F4BD-D1A2-4E18-99FB-43712C37BDC0}.Release|Any CPU.ActiveCfg = Release|Any CPU
		{2509F4BD-D1A2-4E18-99FB-43712C37BDC0}.Release|Any CPU.Build.0 = Release|Any CPU
		{2509F4BD-D1A2-4E18-99FB-43712C37BDC0}.Release|ARM.ActiveCfg = Release|Any CPU
		{2509F4BD-D1A2-4E18-99FB-43712C37BDC0}.Release|ARM.Build.0 = Release|Any CPU
		{2509F4BD-D1A2-4E18-99FB-43712C37BDC0}.Release|iPhone.ActiveCfg = Release|Any CPU
		{2509F4BD-D1A2-4E18-99FB-43712C37BDC0}.Release|iPhone.Build.0 = Release|Any CPU
		{2509F4BD-D1A2-4E18-99FB-43712C37BDC0}.Release|iPhoneSimulator.ActiveCfg = Release|Any CPU
		{2509F4BD-D1A2-4E18-99FB-43712C37BDC0}.Release|iPhoneSimulator.Build.0 = Release|Any CPU
		{2509F4BD-D1A2-4E18-99FB-43712C37BDC0}.Release|x64.ActiveCfg = Release|Any CPU
		{2509F4BD-D1A2-4E18-99FB-43712C37BDC0}.Release|x64.Build.0 = Release|Any CPU
		{2509F4BD-D1A2-4E18-99FB-43712C37BDC0}.Release|x86.ActiveCfg = Release|Any CPU
		{2509F4BD-D1A2-4E18-99FB-43712C37BDC0}.Release|x86.Build.0 = Release|Any CPU
		{E8F3F82C-4235-431A-BA56-C7F4FFE44C93}.Ad-Hoc|Any CPU.ActiveCfg = Release|Any CPU
		{E8F3F82C-4235-431A-BA56-C7F4FFE44C93}.Ad-Hoc|Any CPU.Build.0 = Release|Any CPU
		{E8F3F82C-4235-431A-BA56-C7F4FFE44C93}.Ad-Hoc|Any CPU.Deploy.0 = Release|Any CPU
		{E8F3F82C-4235-431A-BA56-C7F4FFE44C93}.Ad-Hoc|ARM.ActiveCfg = Release|Any CPU
		{E8F3F82C-4235-431A-BA56-C7F4FFE44C93}.Ad-Hoc|ARM.Build.0 = Release|Any CPU
		{E8F3F82C-4235-431A-BA56-C7F4FFE44C93}.Ad-Hoc|ARM.Deploy.0 = Release|Any CPU
		{E8F3F82C-4235-431A-BA56-C7F4FFE44C93}.Ad-Hoc|iPhone.ActiveCfg = Release|Any CPU
		{E8F3F82C-4235-431A-BA56-C7F4FFE44C93}.Ad-Hoc|iPhone.Build.0 = Release|Any CPU
		{E8F3F82C-4235-431A-BA56-C7F4FFE44C93}.Ad-Hoc|iPhone.Deploy.0 = Release|Any CPU
		{E8F3F82C-4235-431A-BA56-C7F4FFE44C93}.Ad-Hoc|iPhoneSimulator.ActiveCfg = Release|Any CPU
		{E8F3F82C-4235-431A-BA56-C7F4FFE44C93}.Ad-Hoc|iPhoneSimulator.Build.0 = Release|Any CPU
		{E8F3F82C-4235-431A-BA56-C7F4FFE44C93}.Ad-Hoc|iPhoneSimulator.Deploy.0 = Release|Any CPU
		{E8F3F82C-4235-431A-BA56-C7F4FFE44C93}.Ad-Hoc|x64.ActiveCfg = Release|Any CPU
		{E8F3F82C-4235-431A-BA56-C7F4FFE44C93}.Ad-Hoc|x64.Build.0 = Release|Any CPU
		{E8F3F82C-4235-431A-BA56-C7F4FFE44C93}.Ad-Hoc|x64.Deploy.0 = Release|Any CPU
		{E8F3F82C-4235-431A-BA56-C7F4FFE44C93}.Ad-Hoc|x86.ActiveCfg = Release|Any CPU
		{E8F3F82C-4235-431A-BA56-C7F4FFE44C93}.Ad-Hoc|x86.Build.0 = Release|Any CPU
		{E8F3F82C-4235-431A-BA56-C7F4FFE44C93}.Ad-Hoc|x86.Deploy.0 = Release|Any CPU
		{E8F3F82C-4235-431A-BA56-C7F4FFE44C93}.AppStore|Any CPU.ActiveCfg = Release|Any CPU
		{E8F3F82C-4235-431A-BA56-C7F4FFE44C93}.AppStore|Any CPU.Build.0 = Release|Any CPU
		{E8F3F82C-4235-431A-BA56-C7F4FFE44C93}.AppStore|Any CPU.Deploy.0 = Release|Any CPU
		{E8F3F82C-4235-431A-BA56-C7F4FFE44C93}.AppStore|ARM.ActiveCfg = Release|Any CPU
		{E8F3F82C-4235-431A-BA56-C7F4FFE44C93}.AppStore|ARM.Build.0 = Release|Any CPU
		{E8F3F82C-4235-431A-BA56-C7F4FFE44C93}.AppStore|ARM.Deploy.0 = Release|Any CPU
		{E8F3F82C-4235-431A-BA56-C7F4FFE44C93}.AppStore|iPhone.ActiveCfg = Release|Any CPU
		{E8F3F82C-4235-431A-BA56-C7F4FFE44C93}.AppStore|iPhone.Build.0 = Release|Any CPU
		{E8F3F82C-4235-431A-BA56-C7F4FFE44C93}.AppStore|iPhone.Deploy.0 = Release|Any CPU
		{E8F3F82C-4235-431A-BA56-C7F4FFE44C93}.AppStore|iPhoneSimulator.ActiveCfg = Release|Any CPU
		{E8F3F82C-4235-431A-BA56-C7F4FFE44C93}.AppStore|iPhoneSimulator.Build.0 = Release|Any CPU
		{E8F3F82C-4235-431A-BA56-C7F4FFE44C93}.AppStore|iPhoneSimulator.Deploy.0 = Release|Any CPU
		{E8F3F82C-4235-431A-BA56-C7F4FFE44C93}.AppStore|x64.ActiveCfg = Release|Any CPU
		{E8F3F82C-4235-431A-BA56-C7F4FFE44C93}.AppStore|x64.Build.0 = Release|Any CPU
		{E8F3F82C-4235-431A-BA56-C7F4FFE44C93}.AppStore|x64.Deploy.0 = Release|Any CPU
		{E8F3F82C-4235-431A-BA56-C7F4FFE44C93}.AppStore|x86.ActiveCfg = Release|Any CPU
		{E8F3F82C-4235-431A-BA56-C7F4FFE44C93}.AppStore|x86.Build.0 = Release|Any CPU
		{E8F3F82C-4235-431A-BA56-C7F4FFE44C93}.AppStore|x86.Deploy.0 = Release|Any CPU
		{E8F3F82C-4235-431A-BA56-C7F4FFE44C93}.Debug|Any CPU.ActiveCfg = Debug|Any CPU
		{E8F3F82C-4235-431A-BA56-C7F4FFE44C93}.Debug|Any CPU.Build.0 = Debug|Any CPU
		{E8F3F82C-4235-431A-BA56-C7F4FFE44C93}.Debug|Any CPU.Deploy.0 = Debug|Any CPU
		{E8F3F82C-4235-431A-BA56-C7F4FFE44C93}.Debug|ARM.ActiveCfg = Debug|Any CPU
		{E8F3F82C-4235-431A-BA56-C7F4FFE44C93}.Debug|ARM.Build.0 = Debug|Any CPU
		{E8F3F82C-4235-431A-BA56-C7F4FFE44C93}.Debug|ARM.Deploy.0 = Debug|Any CPU
		{E8F3F82C-4235-431A-BA56-C7F4FFE44C93}.Debug|iPhone.ActiveCfg = Debug|Any CPU
		{E8F3F82C-4235-431A-BA56-C7F4FFE44C93}.Debug|iPhone.Build.0 = Debug|Any CPU
		{E8F3F82C-4235-431A-BA56-C7F4FFE44C93}.Debug|iPhone.Deploy.0 = Debug|Any CPU
		{E8F3F82C-4235-431A-BA56-C7F4FFE44C93}.Debug|iPhoneSimulator.ActiveCfg = Debug|Any CPU
		{E8F3F82C-4235-431A-BA56-C7F4FFE44C93}.Debug|iPhoneSimulator.Build.0 = Debug|Any CPU
		{E8F3F82C-4235-431A-BA56-C7F4FFE44C93}.Debug|iPhoneSimulator.Deploy.0 = Debug|Any CPU
		{E8F3F82C-4235-431A-BA56-C7F4FFE44C93}.Debug|x64.ActiveCfg = Debug|Any CPU
		{E8F3F82C-4235-431A-BA56-C7F4FFE44C93}.Debug|x64.Build.0 = Debug|Any CPU
		{E8F3F82C-4235-431A-BA56-C7F4FFE44C93}.Debug|x64.Deploy.0 = Debug|Any CPU
		{E8F3F82C-4235-431A-BA56-C7F4FFE44C93}.Debug|x86.ActiveCfg = Debug|Any CPU
		{E8F3F82C-4235-431A-BA56-C7F4FFE44C93}.Debug|x86.Build.0 = Debug|Any CPU
		{E8F3F82C-4235-431A-BA56-C7F4FFE44C93}.Debug|x86.Deploy.0 = Debug|Any CPU
		{E8F3F82C-4235-431A-BA56-C7F4FFE44C93}.Release|Any CPU.ActiveCfg = Release|Any CPU
		{E8F3F82C-4235-431A-BA56-C7F4FFE44C93}.Release|Any CPU.Build.0 = Release|Any CPU
		{E8F3F82C-4235-431A-BA56-C7F4FFE44C93}.Release|Any CPU.Deploy.0 = Release|Any CPU
		{E8F3F82C-4235-431A-BA56-C7F4FFE44C93}.Release|ARM.ActiveCfg = Release|Any CPU
		{E8F3F82C-4235-431A-BA56-C7F4FFE44C93}.Release|ARM.Build.0 = Release|Any CPU
		{E8F3F82C-4235-431A-BA56-C7F4FFE44C93}.Release|ARM.Deploy.0 = Release|Any CPU
		{E8F3F82C-4235-431A-BA56-C7F4FFE44C93}.Release|iPhone.ActiveCfg = Release|Any CPU
		{E8F3F82C-4235-431A-BA56-C7F4FFE44C93}.Release|iPhone.Build.0 = Release|Any CPU
		{E8F3F82C-4235-431A-BA56-C7F4FFE44C93}.Release|iPhone.Deploy.0 = Release|Any CPU
		{E8F3F82C-4235-431A-BA56-C7F4FFE44C93}.Release|iPhoneSimulator.ActiveCfg = Release|Any CPU
		{E8F3F82C-4235-431A-BA56-C7F4FFE44C93}.Release|iPhoneSimulator.Build.0 = Release|Any CPU
		{E8F3F82C-4235-431A-BA56-C7F4FFE44C93}.Release|iPhoneSimulator.Deploy.0 = Release|Any CPU
		{E8F3F82C-4235-431A-BA56-C7F4FFE44C93}.Release|x64.ActiveCfg = Release|Any CPU
		{E8F3F82C-4235-431A-BA56-C7F4FFE44C93}.Release|x64.Build.0 = Release|Any CPU
		{E8F3F82C-4235-431A-BA56-C7F4FFE44C93}.Release|x64.Deploy.0 = Release|Any CPU
		{E8F3F82C-4235-431A-BA56-C7F4FFE44C93}.Release|x86.ActiveCfg = Release|Any CPU
		{E8F3F82C-4235-431A-BA56-C7F4FFE44C93}.Release|x86.Build.0 = Release|Any CPU
		{E8F3F82C-4235-431A-BA56-C7F4FFE44C93}.Release|x86.Deploy.0 = Release|Any CPU
		{AF2D9438-65DA-467D-BD24-9E1A42A614AA}.Ad-Hoc|Any CPU.ActiveCfg = Ad-Hoc|iPhone
		{AF2D9438-65DA-467D-BD24-9E1A42A614AA}.Ad-Hoc|ARM.ActiveCfg = Ad-Hoc|iPhone
		{AF2D9438-65DA-467D-BD24-9E1A42A614AA}.Ad-Hoc|iPhone.ActiveCfg = Ad-Hoc|iPhone
		{AF2D9438-65DA-467D-BD24-9E1A42A614AA}.Ad-Hoc|iPhone.Build.0 = Ad-Hoc|iPhone
		{AF2D9438-65DA-467D-BD24-9E1A42A614AA}.Ad-Hoc|iPhoneSimulator.ActiveCfg = Ad-Hoc|iPhoneSimulator
		{AF2D9438-65DA-467D-BD24-9E1A42A614AA}.Ad-Hoc|iPhoneSimulator.Build.0 = Ad-Hoc|iPhoneSimulator
		{AF2D9438-65DA-467D-BD24-9E1A42A614AA}.Ad-Hoc|x64.ActiveCfg = Ad-Hoc|iPhone
		{AF2D9438-65DA-467D-BD24-9E1A42A614AA}.Ad-Hoc|x86.ActiveCfg = Ad-Hoc|iPhone
		{AF2D9438-65DA-467D-BD24-9E1A42A614AA}.AppStore|Any CPU.ActiveCfg = AppStore|iPhone
		{AF2D9438-65DA-467D-BD24-9E1A42A614AA}.AppStore|ARM.ActiveCfg = AppStore|iPhone
		{AF2D9438-65DA-467D-BD24-9E1A42A614AA}.AppStore|iPhone.ActiveCfg = AppStore|iPhone
		{AF2D9438-65DA-467D-BD24-9E1A42A614AA}.AppStore|iPhone.Build.0 = AppStore|iPhone
		{AF2D9438-65DA-467D-BD24-9E1A42A614AA}.AppStore|iPhoneSimulator.ActiveCfg = AppStore|iPhoneSimulator
		{AF2D9438-65DA-467D-BD24-9E1A42A614AA}.AppStore|iPhoneSimulator.Build.0 = AppStore|iPhoneSimulator
		{AF2D9438-65DA-467D-BD24-9E1A42A614AA}.AppStore|x64.ActiveCfg = AppStore|iPhone
		{AF2D9438-65DA-467D-BD24-9E1A42A614AA}.AppStore|x86.ActiveCfg = AppStore|iPhone
		{AF2D9438-65DA-467D-BD24-9E1A42A614AA}.Debug|Any CPU.ActiveCfg = Debug|iPhoneSimulator
		{AF2D9438-65DA-467D-BD24-9E1A42A614AA}.Debug|Any CPU.Build.0 = Debug|iPhoneSimulator
		{AF2D9438-65DA-467D-BD24-9E1A42A614AA}.Debug|ARM.ActiveCfg = Debug|iPhone
		{AF2D9438-65DA-467D-BD24-9E1A42A614AA}.Debug|iPhone.ActiveCfg = Debug|iPhone
		{AF2D9438-65DA-467D-BD24-9E1A42A614AA}.Debug|iPhone.Build.0 = Debug|iPhone
		{AF2D9438-65DA-467D-BD24-9E1A42A614AA}.Debug|iPhoneSimulator.ActiveCfg = Debug|iPhoneSimulator
		{AF2D9438-65DA-467D-BD24-9E1A42A614AA}.Debug|iPhoneSimulator.Build.0 = Debug|iPhoneSimulator
		{AF2D9438-65DA-467D-BD24-9E1A42A614AA}.Debug|x64.ActiveCfg = Debug|iPhone
		{AF2D9438-65DA-467D-BD24-9E1A42A614AA}.Debug|x86.ActiveCfg = Debug|iPhone
		{AF2D9438-65DA-467D-BD24-9E1A42A614AA}.Release|Any CPU.ActiveCfg = Release|iPhone
		{AF2D9438-65DA-467D-BD24-9E1A42A614AA}.Release|ARM.ActiveCfg = Release|iPhone
		{AF2D9438-65DA-467D-BD24-9E1A42A614AA}.Release|iPhone.ActiveCfg = Release|iPhone
		{AF2D9438-65DA-467D-BD24-9E1A42A614AA}.Release|iPhone.Build.0 = Release|iPhone
		{AF2D9438-65DA-467D-BD24-9E1A42A614AA}.Release|iPhoneSimulator.ActiveCfg = Release|iPhoneSimulator
		{AF2D9438-65DA-467D-BD24-9E1A42A614AA}.Release|iPhoneSimulator.Build.0 = Release|iPhoneSimulator
		{AF2D9438-65DA-467D-BD24-9E1A42A614AA}.Release|x64.ActiveCfg = Release|iPhone
		{AF2D9438-65DA-467D-BD24-9E1A42A614AA}.Release|x86.ActiveCfg = Release|iPhone
		{DC790C59-A39A-468F-9A25-D8E15F2DC6BA}.Ad-Hoc|Any CPU.ActiveCfg = Release|x86
		{DC790C59-A39A-468F-9A25-D8E15F2DC6BA}.Ad-Hoc|Any CPU.Build.0 = Release|x86
		{DC790C59-A39A-468F-9A25-D8E15F2DC6BA}.Ad-Hoc|Any CPU.Deploy.0 = Release|x86
		{DC790C59-A39A-468F-9A25-D8E15F2DC6BA}.Ad-Hoc|ARM.ActiveCfg = Release|ARM
		{DC790C59-A39A-468F-9A25-D8E15F2DC6BA}.Ad-Hoc|ARM.Build.0 = Release|ARM
		{DC790C59-A39A-468F-9A25-D8E15F2DC6BA}.Ad-Hoc|ARM.Deploy.0 = Release|ARM
		{DC790C59-A39A-468F-9A25-D8E15F2DC6BA}.Ad-Hoc|iPhone.ActiveCfg = Release|x86
		{DC790C59-A39A-468F-9A25-D8E15F2DC6BA}.Ad-Hoc|iPhone.Build.0 = Release|x86
		{DC790C59-A39A-468F-9A25-D8E15F2DC6BA}.Ad-Hoc|iPhone.Deploy.0 = Release|x86
		{DC790C59-A39A-468F-9A25-D8E15F2DC6BA}.Ad-Hoc|iPhoneSimulator.ActiveCfg = Release|x86
		{DC790C59-A39A-468F-9A25-D8E15F2DC6BA}.Ad-Hoc|iPhoneSimulator.Build.0 = Release|x86
		{DC790C59-A39A-468F-9A25-D8E15F2DC6BA}.Ad-Hoc|iPhoneSimulator.Deploy.0 = Release|x86
		{DC790C59-A39A-468F-9A25-D8E15F2DC6BA}.Ad-Hoc|x64.ActiveCfg = Release|x64
		{DC790C59-A39A-468F-9A25-D8E15F2DC6BA}.Ad-Hoc|x64.Build.0 = Release|x64
		{DC790C59-A39A-468F-9A25-D8E15F2DC6BA}.Ad-Hoc|x64.Deploy.0 = Release|x64
		{DC790C59-A39A-468F-9A25-D8E15F2DC6BA}.Ad-Hoc|x86.ActiveCfg = Release|x86
		{DC790C59-A39A-468F-9A25-D8E15F2DC6BA}.Ad-Hoc|x86.Build.0 = Release|x86
		{DC790C59-A39A-468F-9A25-D8E15F2DC6BA}.Ad-Hoc|x86.Deploy.0 = Release|x86
		{DC790C59-A39A-468F-9A25-D8E15F2DC6BA}.AppStore|Any CPU.ActiveCfg = Release|x86
		{DC790C59-A39A-468F-9A25-D8E15F2DC6BA}.AppStore|Any CPU.Build.0 = Release|x86
		{DC790C59-A39A-468F-9A25-D8E15F2DC6BA}.AppStore|Any CPU.Deploy.0 = Release|x86
		{DC790C59-A39A-468F-9A25-D8E15F2DC6BA}.AppStore|ARM.ActiveCfg = Release|ARM
		{DC790C59-A39A-468F-9A25-D8E15F2DC6BA}.AppStore|ARM.Build.0 = Release|ARM
		{DC790C59-A39A-468F-9A25-D8E15F2DC6BA}.AppStore|ARM.Deploy.0 = Release|ARM
		{DC790C59-A39A-468F-9A25-D8E15F2DC6BA}.AppStore|iPhone.ActiveCfg = Release|x86
		{DC790C59-A39A-468F-9A25-D8E15F2DC6BA}.AppStore|iPhone.Build.0 = Release|x86
		{DC790C59-A39A-468F-9A25-D8E15F2DC6BA}.AppStore|iPhone.Deploy.0 = Release|x86
		{DC790C59-A39A-468F-9A25-D8E15F2DC6BA}.AppStore|iPhoneSimulator.ActiveCfg = Release|x86
		{DC790C59-A39A-468F-9A25-D8E15F2DC6BA}.AppStore|iPhoneSimulator.Build.0 = Release|x86
		{DC790C59-A39A-468F-9A25-D8E15F2DC6BA}.AppStore|iPhoneSimulator.Deploy.0 = Release|x86
		{DC790C59-A39A-468F-9A25-D8E15F2DC6BA}.AppStore|x64.ActiveCfg = Release|x64
		{DC790C59-A39A-468F-9A25-D8E15F2DC6BA}.AppStore|x64.Build.0 = Release|x64
		{DC790C59-A39A-468F-9A25-D8E15F2DC6BA}.AppStore|x64.Deploy.0 = Release|x64
		{DC790C59-A39A-468F-9A25-D8E15F2DC6BA}.AppStore|x86.ActiveCfg = Release|x86
		{DC790C59-A39A-468F-9A25-D8E15F2DC6BA}.AppStore|x86.Build.0 = Release|x86
		{DC790C59-A39A-468F-9A25-D8E15F2DC6BA}.AppStore|x86.Deploy.0 = Release|x86
		{DC790C59-A39A-468F-9A25-D8E15F2DC6BA}.Debug|Any CPU.ActiveCfg = Debug|x86
		{DC790C59-A39A-468F-9A25-D8E15F2DC6BA}.Debug|Any CPU.Build.0 = Debug|x86
		{DC790C59-A39A-468F-9A25-D8E15F2DC6BA}.Debug|ARM.ActiveCfg = Debug|ARM
		{DC790C59-A39A-468F-9A25-D8E15F2DC6BA}.Debug|ARM.Build.0 = Debug|ARM
		{DC790C59-A39A-468F-9A25-D8E15F2DC6BA}.Debug|ARM.Deploy.0 = Debug|ARM
		{DC790C59-A39A-468F-9A25-D8E15F2DC6BA}.Debug|iPhone.ActiveCfg = Debug|x86
		{DC790C59-A39A-468F-9A25-D8E15F2DC6BA}.Debug|iPhoneSimulator.ActiveCfg = Debug|x86
		{DC790C59-A39A-468F-9A25-D8E15F2DC6BA}.Debug|x64.ActiveCfg = Debug|x64
		{DC790C59-A39A-468F-9A25-D8E15F2DC6BA}.Debug|x64.Build.0 = Debug|x64
		{DC790C59-A39A-468F-9A25-D8E15F2DC6BA}.Debug|x64.Deploy.0 = Debug|x64
		{DC790C59-A39A-468F-9A25-D8E15F2DC6BA}.Debug|x86.ActiveCfg = Debug|x86
		{DC790C59-A39A-468F-9A25-D8E15F2DC6BA}.Debug|x86.Build.0 = Debug|x86
		{DC790C59-A39A-468F-9A25-D8E15F2DC6BA}.Debug|x86.Deploy.0 = Debug|x86
		{DC790C59-A39A-468F-9A25-D8E15F2DC6BA}.Release|Any CPU.ActiveCfg = Release|x86
		{DC790C59-A39A-468F-9A25-D8E15F2DC6BA}.Release|ARM.ActiveCfg = Release|ARM
		{DC790C59-A39A-468F-9A25-D8E15F2DC6BA}.Release|ARM.Build.0 = Release|ARM
		{DC790C59-A39A-468F-9A25-D8E15F2DC6BA}.Release|ARM.Deploy.0 = Release|ARM
		{DC790C59-A39A-468F-9A25-D8E15F2DC6BA}.Release|iPhone.ActiveCfg = Release|x86
		{DC790C59-A39A-468F-9A25-D8E15F2DC6BA}.Release|iPhoneSimulator.ActiveCfg = Release|x86
		{DC790C59-A39A-468F-9A25-D8E15F2DC6BA}.Release|x64.ActiveCfg = Release|x64
		{DC790C59-A39A-468F-9A25-D8E15F2DC6BA}.Release|x64.Build.0 = Release|x64
		{DC790C59-A39A-468F-9A25-D8E15F2DC6BA}.Release|x64.Deploy.0 = Release|x64
		{DC790C59-A39A-468F-9A25-D8E15F2DC6BA}.Release|x86.ActiveCfg = Release|x86
		{DC790C59-A39A-468F-9A25-D8E15F2DC6BA}.Release|x86.Build.0 = Release|x86
		{DC790C59-A39A-468F-9A25-D8E15F2DC6BA}.Release|x86.Deploy.0 = Release|x86
		{B5D6F114-CACB-47DC-815F-86C5EB5959B3}.Ad-Hoc|Any CPU.ActiveCfg = Release|Any CPU
		{B5D6F114-CACB-47DC-815F-86C5EB5959B3}.Ad-Hoc|Any CPU.Build.0 = Release|Any CPU
		{B5D6F114-CACB-47DC-815F-86C5EB5959B3}.Ad-Hoc|ARM.ActiveCfg = Release|Any CPU
		{B5D6F114-CACB-47DC-815F-86C5EB5959B3}.Ad-Hoc|ARM.Build.0 = Release|Any CPU
		{B5D6F114-CACB-47DC-815F-86C5EB5959B3}.Ad-Hoc|iPhone.ActiveCfg = Release|Any CPU
		{B5D6F114-CACB-47DC-815F-86C5EB5959B3}.Ad-Hoc|iPhone.Build.0 = Release|Any CPU
		{B5D6F114-CACB-47DC-815F-86C5EB5959B3}.Ad-Hoc|iPhoneSimulator.ActiveCfg = Release|Any CPU
		{B5D6F114-CACB-47DC-815F-86C5EB5959B3}.Ad-Hoc|iPhoneSimulator.Build.0 = Release|Any CPU
		{B5D6F114-CACB-47DC-815F-86C5EB5959B3}.Ad-Hoc|x64.ActiveCfg = Release|Any CPU
		{B5D6F114-CACB-47DC-815F-86C5EB5959B3}.Ad-Hoc|x64.Build.0 = Release|Any CPU
		{B5D6F114-CACB-47DC-815F-86C5EB5959B3}.Ad-Hoc|x86.ActiveCfg = Release|Any CPU
		{B5D6F114-CACB-47DC-815F-86C5EB5959B3}.Ad-Hoc|x86.Build.0 = Release|Any CPU
		{B5D6F114-CACB-47DC-815F-86C5EB5959B3}.AppStore|Any CPU.ActiveCfg = Release|Any CPU
		{B5D6F114-CACB-47DC-815F-86C5EB5959B3}.AppStore|Any CPU.Build.0 = Release|Any CPU
		{B5D6F114-CACB-47DC-815F-86C5EB5959B3}.AppStore|ARM.ActiveCfg = Release|Any CPU
		{B5D6F114-CACB-47DC-815F-86C5EB5959B3}.AppStore|ARM.Build.0 = Release|Any CPU
		{B5D6F114-CACB-47DC-815F-86C5EB5959B3}.AppStore|iPhone.ActiveCfg = Release|Any CPU
		{B5D6F114-CACB-47DC-815F-86C5EB5959B3}.AppStore|iPhone.Build.0 = Release|Any CPU
		{B5D6F114-CACB-47DC-815F-86C5EB5959B3}.AppStore|iPhoneSimulator.ActiveCfg = Release|Any CPU
		{B5D6F114-CACB-47DC-815F-86C5EB5959B3}.AppStore|iPhoneSimulator.Build.0 = Release|Any CPU
		{B5D6F114-CACB-47DC-815F-86C5EB5959B3}.AppStore|x64.ActiveCfg = Release|Any CPU
		{B5D6F114-CACB-47DC-815F-86C5EB5959B3}.AppStore|x64.Build.0 = Release|Any CPU
		{B5D6F114-CACB-47DC-815F-86C5EB5959B3}.AppStore|x86.ActiveCfg = Release|Any CPU
		{B5D6F114-CACB-47DC-815F-86C5EB5959B3}.AppStore|x86.Build.0 = Release|Any CPU
		{B5D6F114-CACB-47DC-815F-86C5EB5959B3}.Debug|Any CPU.ActiveCfg = Debug|Any CPU
		{B5D6F114-CACB-47DC-815F-86C5EB5959B3}.Debug|Any CPU.Build.0 = Debug|Any CPU
		{B5D6F114-CACB-47DC-815F-86C5EB5959B3}.Debug|ARM.ActiveCfg = Debug|Any CPU
		{B5D6F114-CACB-47DC-815F-86C5EB5959B3}.Debug|ARM.Build.0 = Debug|Any CPU
		{B5D6F114-CACB-47DC-815F-86C5EB5959B3}.Debug|iPhone.ActiveCfg = Debug|Any CPU
		{B5D6F114-CACB-47DC-815F-86C5EB5959B3}.Debug|iPhone.Build.0 = Debug|Any CPU
		{B5D6F114-CACB-47DC-815F-86C5EB5959B3}.Debug|iPhoneSimulator.ActiveCfg = Debug|Any CPU
		{B5D6F114-CACB-47DC-815F-86C5EB5959B3}.Debug|iPhoneSimulator.Build.0 = Debug|Any CPU
		{B5D6F114-CACB-47DC-815F-86C5EB5959B3}.Debug|x64.ActiveCfg = Debug|Any CPU
		{B5D6F114-CACB-47DC-815F-86C5EB5959B3}.Debug|x64.Build.0 = Debug|Any CPU
		{B5D6F114-CACB-47DC-815F-86C5EB5959B3}.Debug|x86.ActiveCfg = Debug|Any CPU
		{B5D6F114-CACB-47DC-815F-86C5EB5959B3}.Debug|x86.Build.0 = Debug|Any CPU
		{B5D6F114-CACB-47DC-815F-86C5EB5959B3}.Release|Any CPU.ActiveCfg = Release|Any CPU
		{B5D6F114-CACB-47DC-815F-86C5EB5959B3}.Release|Any CPU.Build.0 = Release|Any CPU
		{B5D6F114-CACB-47DC-815F-86C5EB5959B3}.Release|ARM.ActiveCfg = Release|Any CPU
		{B5D6F114-CACB-47DC-815F-86C5EB5959B3}.Release|ARM.Build.0 = Release|Any CPU
		{B5D6F114-CACB-47DC-815F-86C5EB5959B3}.Release|iPhone.ActiveCfg = Release|Any CPU
		{B5D6F114-CACB-47DC-815F-86C5EB5959B3}.Release|iPhone.Build.0 = Release|Any CPU
		{B5D6F114-CACB-47DC-815F-86C5EB5959B3}.Release|iPhoneSimulator.ActiveCfg = Release|Any CPU
		{B5D6F114-CACB-47DC-815F-86C5EB5959B3}.Release|iPhoneSimulator.Build.0 = Release|Any CPU
		{B5D6F114-CACB-47DC-815F-86C5EB5959B3}.Release|x64.ActiveCfg = Release|Any CPU
		{B5D6F114-CACB-47DC-815F-86C5EB5959B3}.Release|x64.Build.0 = Release|Any CPU
		{B5D6F114-CACB-47DC-815F-86C5EB5959B3}.Release|x86.ActiveCfg = Release|Any CPU
		{B5D6F114-CACB-47DC-815F-86C5EB5959B3}.Release|x86.Build.0 = Release|Any CPU
	EndGlobalSection
	GlobalSection(SolutionProperties) = preSolution
		HideSolutionNode = FALSE
	EndGlobalSection
EndGlobal
